
Microsoft Visual Studio Solution File, Format Version 12.00
# Visual Studio Version 17
VisualStudioVersion = 17.11.35312.102
MinimumVisualStudioVersion = 10.0.40219.1
Project("{FAE04EC0-301F-11D3-BF4B-00C04F79EFBC}") = "FlowerShop", "FlowerShop\FlowerShop.csproj", "{B24FFA0D-052E-4FEC-88EA-DF1A59C75F21}"
EndProject
Global
	GlobalSection(SolutionConfigurationPlatforms) = preSolution
		Debug|Any CPU = Debug|Any CPU
		Release|Any CPU = Release|Any CPU
	EndGlobalSection
	GlobalSection(ProjectConfigurationPlatforms) = postSolution
		{B24FFA0D-052E-4FEC-88EA-DF1A59C75F21}.Debug|Any CPU.ActiveCfg = Debug|Any CPU
		{B24FFA0D-052E-4FEC-88EA-DF1A59C75F21}.Debug|Any CPU.Build.0 = Debug|Any CPU
		{B24FFA0D-052E-4FEC-88EA-DF1A59C75F21}.Release|Any CPU.ActiveCfg = Release|Any CPU
		{B24FFA0D-052E-4FEC-88EA-DF1A59C75F21}.Release|Any CPU.Build.0 = Release|Any CPU
	EndGlobalSection
	GlobalSection(SolutionProperties) = preSolution
		HideSolutionNode = FALSE
	EndGlobalSection
	GlobalSection(ExtensibilityGlobals) = postSolution
		SolutionGuid = {EF2AEB5C-9186-46B7-AB81-18B8500D445B}
	EndGlobalSection
EndGlobal
